
Microsoft Visual Studio Solution File, Format Version 12.00
# Visual Studio 15
VisualStudioVersion = 15.0.26228.9
MinimumVisualStudioVersion = 10.0.40219.1
Project("{FAE04EC0-301F-11D3-BF4B-00C04F79EFBC}") = "MansionDashboardNET", "MansionDashboardNET\MansionDashboardNET.csproj", "{F288721E-98E9-438C-8B40-56F6C84F625F}"
EndProject
Project("{2150E333-8FDC-42A3-9474-1A3956D46DE8}") = "Mansion.Core.Domain", "Mansion.Core.Domain", "{A8C2B1C7-37BF-44CD-951B-FEF70617715D}"
EndProject
Project("{FAE04EC0-301F-11D3-BF4B-00C04F79EFBC}") = "Mansion.Core.User", "Mansion.Core.User\Mansion.Core.User.csproj", "{28C697BC-3A49-47F3-8611-14C55614D452}"
EndProject
Global
	GlobalSection(SolutionConfigurationPlatforms) = preSolution
		Debug|Any CPU = Debug|Any CPU
		Release|Any CPU = Release|Any CPU
	EndGlobalSection
	GlobalSection(ProjectConfigurationPlatforms) = postSolution
		{F288721E-98E9-438C-8B40-56F6C84F625F}.Debug|Any CPU.ActiveCfg = Debug|Any CPU
		{F288721E-98E9-438C-8B40-56F6C84F625F}.Debug|Any CPU.Build.0 = Debug|Any CPU
		{F288721E-98E9-438C-8B40-56F6C84F625F}.Release|Any CPU.ActiveCfg = Release|Any CPU
		{F288721E-98E9-438C-8B40-56F6C84F625F}.Release|Any CPU.Build.0 = Release|Any CPU
		{28C697BC-3A49-47F3-8611-14C55614D452}.Debug|Any CPU.ActiveCfg = Debug|Any CPU
		{28C697BC-3A49-47F3-8611-14C55614D452}.Debug|Any CPU.Build.0 = Debug|Any CPU
		{28C697BC-3A49-47F3-8611-14C55614D452}.Release|Any CPU.ActiveCfg = Release|Any CPU
		{28C697BC-3A49-47F3-8611-14C55614D452}.Release|Any CPU.Build.0 = Release|Any CPU
	EndGlobalSection
	GlobalSection(SolutionProperties) = preSolution
		HideSolutionNode = FALSE
	EndGlobalSection
	GlobalSection(NestedProjects) = preSolution
		{28C697BC-3A49-47F3-8611-14C55614D452} = {A8C2B1C7-37BF-44CD-951B-FEF70617715D}
	EndGlobalSection
EndGlobal
