
Microsoft Visual Studio Solution File, Format Version 12.00
# Visual Studio 15
VisualStudioVersion = 15.0.26906.1
MinimumVisualStudioVersion = 10.0.40219.1
Project("{9A19103F-16F7-4668-BE54-9A1E7A4F7556}") = "Smart.House.Domain", "..\..\core\Smart.House.Core\Smart.House.Domain\Smart.House.Domain.csproj", "{DCC9F93E-6451-427C-8069-A86410BBE7CE}"
EndProject
Project("{9A19103F-16F7-4668-BE54-9A1E7A4F7556}") = "Smart.House.Application", "..\..\application\Smart.House.Application\Smart.House.Application\Smart.House.Application.csproj", "{33E91A24-36EA-402F-B09D-5EAAB464C712}"
EndProject
Project("{9A19103F-16F7-4668-BE54-9A1E7A4F7556}") = "Smart.House.Core", "..\..\core\Smart.House.Core\Smart.House.Core\Smart.House.Core.csproj", "{2033D844-017F-4E78-B83B-D69647790F9F}"
EndProject
Project("{9A19103F-16F7-4668-BE54-9A1E7A4F7556}") = "Smart.House.Data", "Smart.House.Data\Smart.House.Data.csproj", "{764820F8-1219-41EE-91D1-CD32834FB5D3}"
EndProject
Project("{9A19103F-16F7-4668-BE54-9A1E7A4F7556}") = "Smart.House.Read", "Smart.House.Read\Smart.House.Read.csproj", "{87197FE0-9EB0-479B-AAAC-6F2ECD6BD6F8}"
EndProject
Project("{9A19103F-16F7-4668-BE54-9A1E7A4F7556}") = "Smart.House.Ssh", "Smart.House.Ssh\Smart.House.Ssh.csproj", "{6D2445AC-30C1-4A2C-A872-4F5E6C580034}"
EndProject
Project("{9A19103F-16F7-4668-BE54-9A1E7A4F7556}") = "Smart.House.Ftp", "Smart.House.Ftp\Smart.House.Ftp.csproj", "{754CCD9D-98F5-4F13-B23A-9E2A880BC87E}"
EndProject
Project("{9A19103F-16F7-4668-BE54-9A1E7A4F7556}") = "Smart.House.Ambilight", "Smart.House.Ambilight\Smart.House.Ambilight.csproj", "{5D91F56E-88C7-4A23-AE4C-2F5257190AC7}"
EndProject
Project("{9A19103F-16F7-4668-BE54-9A1E7A4F7556}") = "Smart.House.Camera", "Smart.House.Camera\Smart.House.Camera.csproj", "{C5778BDE-37EC-4077-9CB2-76742E9632DE}"
EndProject
Project("{9A19103F-16F7-4668-BE54-9A1E7A4F7556}") = "Smart.House.Messager", "Smart.House.Message\Smart.House.Messager.csproj", "{F52C282E-C874-400C-B733-44D00C991A52}"
EndProject
Global
	GlobalSection(SolutionConfigurationPlatforms) = preSolution
		Debug|Any CPU = Debug|Any CPU
		Release|Any CPU = Release|Any CPU
	EndGlobalSection
	GlobalSection(ProjectConfigurationPlatforms) = postSolution
		{DCC9F93E-6451-427C-8069-A86410BBE7CE}.Debug|Any CPU.ActiveCfg = Debug|Any CPU
		{DCC9F93E-6451-427C-8069-A86410BBE7CE}.Debug|Any CPU.Build.0 = Debug|Any CPU
		{DCC9F93E-6451-427C-8069-A86410BBE7CE}.Release|Any CPU.ActiveCfg = Release|Any CPU
		{DCC9F93E-6451-427C-8069-A86410BBE7CE}.Release|Any CPU.Build.0 = Release|Any CPU
		{33E91A24-36EA-402F-B09D-5EAAB464C712}.Debug|Any CPU.ActiveCfg = Debug|Any CPU
		{33E91A24-36EA-402F-B09D-5EAAB464C712}.Debug|Any CPU.Build.0 = Debug|Any CPU
		{33E91A24-36EA-402F-B09D-5EAAB464C712}.Release|Any CPU.ActiveCfg = Release|Any CPU
		{33E91A24-36EA-402F-B09D-5EAAB464C712}.Release|Any CPU.Build.0 = Release|Any CPU
		{2033D844-017F-4E78-B83B-D69647790F9F}.Debug|Any CPU.ActiveCfg = Debug|Any CPU
		{2033D844-017F-4E78-B83B-D69647790F9F}.Debug|Any CPU.Build.0 = Debug|Any CPU
		{2033D844-017F-4E78-B83B-D69647790F9F}.Release|Any CPU.ActiveCfg = Release|Any CPU
		{2033D844-017F-4E78-B83B-D69647790F9F}.Release|Any CPU.Build.0 = Release|Any CPU
		{764820F8-1219-41EE-91D1-CD32834FB5D3}.Debug|Any CPU.ActiveCfg = Debug|Any CPU
		{764820F8-1219-41EE-91D1-CD32834FB5D3}.Debug|Any CPU.Build.0 = Debug|Any CPU
		{764820F8-1219-41EE-91D1-CD32834FB5D3}.Release|Any CPU.ActiveCfg = Release|Any CPU
		{764820F8-1219-41EE-91D1-CD32834FB5D3}.Release|Any CPU.Build.0 = Release|Any CPU
		{87197FE0-9EB0-479B-AAAC-6F2ECD6BD6F8}.Debug|Any CPU.ActiveCfg = Debug|Any CPU
		{87197FE0-9EB0-479B-AAAC-6F2ECD6BD6F8}.Debug|Any CPU.Build.0 = Debug|Any CPU
		{87197FE0-9EB0-479B-AAAC-6F2ECD6BD6F8}.Release|Any CPU.ActiveCfg = Release|Any CPU
		{87197FE0-9EB0-479B-AAAC-6F2ECD6BD6F8}.Release|Any CPU.Build.0 = Release|Any CPU
		{6D2445AC-30C1-4A2C-A872-4F5E6C580034}.Debug|Any CPU.ActiveCfg = Debug|Any CPU
		{6D2445AC-30C1-4A2C-A872-4F5E6C580034}.Debug|Any CPU.Build.0 = Debug|Any CPU
		{6D2445AC-30C1-4A2C-A872-4F5E6C580034}.Release|Any CPU.ActiveCfg = Release|Any CPU
		{6D2445AC-30C1-4A2C-A872-4F5E6C580034}.Release|Any CPU.Build.0 = Release|Any CPU
		{754CCD9D-98F5-4F13-B23A-9E2A880BC87E}.Debug|Any CPU.ActiveCfg = Debug|Any CPU
		{754CCD9D-98F5-4F13-B23A-9E2A880BC87E}.Debug|Any CPU.Build.0 = Debug|Any CPU
		{754CCD9D-98F5-4F13-B23A-9E2A880BC87E}.Release|Any CPU.ActiveCfg = Release|Any CPU
		{754CCD9D-98F5-4F13-B23A-9E2A880BC87E}.Release|Any CPU.Build.0 = Release|Any CPU
		{5D91F56E-88C7-4A23-AE4C-2F5257190AC7}.Debug|Any CPU.ActiveCfg = Debug|Any CPU
		{5D91F56E-88C7-4A23-AE4C-2F5257190AC7}.Debug|Any CPU.Build.0 = Debug|Any CPU
		{5D91F56E-88C7-4A23-AE4C-2F5257190AC7}.Release|Any CPU.ActiveCfg = Release|Any CPU
		{5D91F56E-88C7-4A23-AE4C-2F5257190AC7}.Release|Any CPU.Build.0 = Release|Any CPU
		{C5778BDE-37EC-4077-9CB2-76742E9632DE}.Debug|Any CPU.ActiveCfg = Debug|Any CPU
		{C5778BDE-37EC-4077-9CB2-76742E9632DE}.Debug|Any CPU.Build.0 = Debug|Any CPU
		{C5778BDE-37EC-4077-9CB2-76742E9632DE}.Release|Any CPU.ActiveCfg = Release|Any CPU
		{C5778BDE-37EC-4077-9CB2-76742E9632DE}.Release|Any CPU.Build.0 = Release|Any CPU
		{F52C282E-C874-400C-B733-44D00C991A52}.Debug|Any CPU.ActiveCfg = Debug|Any CPU
		{F52C282E-C874-400C-B733-44D00C991A52}.Debug|Any CPU.Build.0 = Debug|Any CPU
		{F52C282E-C874-400C-B733-44D00C991A52}.Release|Any CPU.ActiveCfg = Release|Any CPU
		{F52C282E-C874-400C-B733-44D00C991A52}.Release|Any CPU.Build.0 = Release|Any CPU
	EndGlobalSection
	GlobalSection(SolutionProperties) = preSolution
		HideSolutionNode = FALSE
	EndGlobalSection
	GlobalSection(ExtensibilityGlobals) = postSolution
		SolutionGuid = {0A3731BF-38EA-496D-9066-4EB7965BCEB0}
	EndGlobalSection
EndGlobal
