
Microsoft Visual Studio Solution File, Format Version 12.00
# Visual Studio 15
VisualStudioVersion = 15.0.26906.1
MinimumVisualStudioVersion = 10.0.40219.1
Project("{9A19103F-16F7-4668-BE54-9A1E7A4F7556}") = "Smart.House.Grains", "Smart.House.Grains\Smart.House.Grains.csproj", "{39577C5F-4259-4A57-91EA-6ADF8B2E4BAF}"
EndProject
Project("{9A19103F-16F7-4668-BE54-9A1E7A4F7556}") = "Smart.House.Host", "Smart.House.Host\Smart.House.Host.csproj", "{DFE5BA1E-B2FC-4FE6-BE11-2A8272DB31D5}"
EndProject
Project("{9A19103F-16F7-4668-BE54-9A1E7A4F7556}") = "Smart.House.Interface", "Smart.House.Interface\Smart.House.Interface.csproj", "{C23D68FB-BF26-4E6E-A0B5-9603BABCA006}"
EndProject
Project("{2150E333-8FDC-42A3-9474-1A3956D46DE8}") = "ApplicationCore", "ApplicationCore", "{7F86E971-ACB8-4046-AA5F-EF5B91378863}"
EndProject
Project("{2150E333-8FDC-42A3-9474-1A3956D46DE8}") = "Application", "Application", "{CD44815A-0298-45D1-9F19-BA3795A1BFB6}"
EndProject
Project("{2150E333-8FDC-42A3-9474-1A3956D46DE8}") = "Domain", "Domain", "{76C3FC69-CFE4-44AD-8EE6-84B871A4F746}"
EndProject
Project("{9A19103F-16F7-4668-BE54-9A1E7A4F7556}") = "Smart.House.Application", "..\..\application\Smart.House.Application\Smart.House.Application\Smart.House.Application.csproj", "{EFA6F8F5-778D-458F-9EE3-58FE161C9CFD}"
EndProject
Project("{9A19103F-16F7-4668-BE54-9A1E7A4F7556}") = "Smart.House.Services", "..\..\application\Smart.House.Application\Smart.House.Services\Smart.House.Services.csproj", "{602D9F4E-E5D2-4F94-8189-DB43869600B2}"
EndProject
Project("{9A19103F-16F7-4668-BE54-9A1E7A4F7556}") = "Smart.House.Core", "..\..\core\Smart.House.Core\Smart.House.Core\Smart.House.Core.csproj", "{878B1529-3827-42BC-BE81-AB052ED4653A}"
EndProject
Project("{9A19103F-16F7-4668-BE54-9A1E7A4F7556}") = "Smart.House.Domain", "..\..\core\Smart.House.Core\Smart.House.Domain\Smart.House.Domain.csproj", "{F3DF9FC9-C294-4C9D-BE6C-90AF734C8FC2}"
EndProject
Project("{2150E333-8FDC-42A3-9474-1A3956D46DE8}") = "Infrastructure", "Infrastructure", "{7A954E1D-C94E-4F31-AA3C-48D12DFFF8BC}"
EndProject
Project("{2150E333-8FDC-42A3-9474-1A3956D46DE8}") = "Data", "Data", "{228E7294-C8FE-4780-90F3-4451C55BD3CD}"
EndProject
Project("{2150E333-8FDC-42A3-9474-1A3956D46DE8}") = "Providers", "Providers", "{B66A2915-F618-495F-84D0-42D35E8A8BD0}"
EndProject
Project("{9A19103F-16F7-4668-BE54-9A1E7A4F7556}") = "Smart.House.Data", "..\..\infrastructure\Smart.House.Infrastructure\Smart.House.Data\Smart.House.Data.csproj", "{B45CE4BB-78B7-44D5-AD7E-D660E7F01D65}"
EndProject
Project("{9A19103F-16F7-4668-BE54-9A1E7A4F7556}") = "Smart.House.Read", "..\..\infrastructure\Smart.House.Infrastructure\Smart.House.Read\Smart.House.Read.csproj", "{160BFCBA-F65E-485C-8483-D9DC53A67A17}"
EndProject
Project("{9A19103F-16F7-4668-BE54-9A1E7A4F7556}") = "Smart.House.Ambilight", "..\..\infrastructure\Smart.House.Infrastructure\Smart.House.Ambilight\Smart.House.Ambilight.csproj", "{77D0DEC4-8051-4ACB-93CF-93A915BBCADC}"
EndProject
Project("{9A19103F-16F7-4668-BE54-9A1E7A4F7556}") = "Smart.House.Camera", "..\..\infrastructure\Smart.House.Infrastructure\Smart.House.Camera\Smart.House.Camera.csproj", "{F7E13958-96F8-4652-90D7-CC98EDDC9F81}"
EndProject
Project("{9A19103F-16F7-4668-BE54-9A1E7A4F7556}") = "Smart.House.Ftp", "..\..\infrastructure\Smart.House.Infrastructure\Smart.House.Ftp\Smart.House.Ftp.csproj", "{FFB5353B-5223-40BF-8671-5A852AF7D54B}"
EndProject
Project("{9A19103F-16F7-4668-BE54-9A1E7A4F7556}") = "Smart.House.Ssh", "..\..\infrastructure\Smart.House.Infrastructure\Smart.House.Ssh\Smart.House.Ssh.csproj", "{0A64EB89-8742-4101-85D5-5A0D48C61BAF}"
EndProject
Project("{9A19103F-16F7-4668-BE54-9A1E7A4F7556}") = "Smart.House.Messager", "..\..\infrastructure\Smart.House.Infrastructure\Smart.House.Message\Smart.House.Messager.csproj", "{711572C8-EA5C-423C-A781-D4FFD3B60E94}"
EndProject
Project("{9A19103F-16F7-4668-BE54-9A1E7A4F7556}") = "Smart.House.Center", "..\..\infrastructure\Smart.House.Infrastructure\Smart.House.Center\Smart.House.Center.csproj", "{B1F9D918-6B70-4DCB-8FC4-1A0A6F486DBB}"
EndProject
Global
	GlobalSection(SolutionConfigurationPlatforms) = preSolution
		Debug|Any CPU = Debug|Any CPU
		Release|Any CPU = Release|Any CPU
	EndGlobalSection
	GlobalSection(ProjectConfigurationPlatforms) = postSolution
		{39577C5F-4259-4A57-91EA-6ADF8B2E4BAF}.Debug|Any CPU.ActiveCfg = Debug|Any CPU
		{39577C5F-4259-4A57-91EA-6ADF8B2E4BAF}.Debug|Any CPU.Build.0 = Debug|Any CPU
		{39577C5F-4259-4A57-91EA-6ADF8B2E4BAF}.Release|Any CPU.ActiveCfg = Release|Any CPU
		{39577C5F-4259-4A57-91EA-6ADF8B2E4BAF}.Release|Any CPU.Build.0 = Release|Any CPU
		{DFE5BA1E-B2FC-4FE6-BE11-2A8272DB31D5}.Debug|Any CPU.ActiveCfg = Debug|Any CPU
		{DFE5BA1E-B2FC-4FE6-BE11-2A8272DB31D5}.Debug|Any CPU.Build.0 = Debug|Any CPU
		{DFE5BA1E-B2FC-4FE6-BE11-2A8272DB31D5}.Release|Any CPU.ActiveCfg = Release|Any CPU
		{DFE5BA1E-B2FC-4FE6-BE11-2A8272DB31D5}.Release|Any CPU.Build.0 = Release|Any CPU
		{C23D68FB-BF26-4E6E-A0B5-9603BABCA006}.Debug|Any CPU.ActiveCfg = Debug|Any CPU
		{C23D68FB-BF26-4E6E-A0B5-9603BABCA006}.Debug|Any CPU.Build.0 = Debug|Any CPU
		{C23D68FB-BF26-4E6E-A0B5-9603BABCA006}.Release|Any CPU.ActiveCfg = Release|Any CPU
		{C23D68FB-BF26-4E6E-A0B5-9603BABCA006}.Release|Any CPU.Build.0 = Release|Any CPU
		{EFA6F8F5-778D-458F-9EE3-58FE161C9CFD}.Debug|Any CPU.ActiveCfg = Debug|Any CPU
		{EFA6F8F5-778D-458F-9EE3-58FE161C9CFD}.Debug|Any CPU.Build.0 = Debug|Any CPU
		{EFA6F8F5-778D-458F-9EE3-58FE161C9CFD}.Release|Any CPU.ActiveCfg = Release|Any CPU
		{EFA6F8F5-778D-458F-9EE3-58FE161C9CFD}.Release|Any CPU.Build.0 = Release|Any CPU
		{602D9F4E-E5D2-4F94-8189-DB43869600B2}.Debug|Any CPU.ActiveCfg = Debug|Any CPU
		{602D9F4E-E5D2-4F94-8189-DB43869600B2}.Debug|Any CPU.Build.0 = Debug|Any CPU
		{602D9F4E-E5D2-4F94-8189-DB43869600B2}.Release|Any CPU.ActiveCfg = Release|Any CPU
		{602D9F4E-E5D2-4F94-8189-DB43869600B2}.Release|Any CPU.Build.0 = Release|Any CPU
		{878B1529-3827-42BC-BE81-AB052ED4653A}.Debug|Any CPU.ActiveCfg = Debug|Any CPU
		{878B1529-3827-42BC-BE81-AB052ED4653A}.Debug|Any CPU.Build.0 = Debug|Any CPU
		{878B1529-3827-42BC-BE81-AB052ED4653A}.Release|Any CPU.ActiveCfg = Release|Any CPU
		{878B1529-3827-42BC-BE81-AB052ED4653A}.Release|Any CPU.Build.0 = Release|Any CPU
		{F3DF9FC9-C294-4C9D-BE6C-90AF734C8FC2}.Debug|Any CPU.ActiveCfg = Debug|Any CPU
		{F3DF9FC9-C294-4C9D-BE6C-90AF734C8FC2}.Debug|Any CPU.Build.0 = Debug|Any CPU
		{F3DF9FC9-C294-4C9D-BE6C-90AF734C8FC2}.Release|Any CPU.ActiveCfg = Release|Any CPU
		{F3DF9FC9-C294-4C9D-BE6C-90AF734C8FC2}.Release|Any CPU.Build.0 = Release|Any CPU
		{B45CE4BB-78B7-44D5-AD7E-D660E7F01D65}.Debug|Any CPU.ActiveCfg = Debug|Any CPU
		{B45CE4BB-78B7-44D5-AD7E-D660E7F01D65}.Debug|Any CPU.Build.0 = Debug|Any CPU
		{B45CE4BB-78B7-44D5-AD7E-D660E7F01D65}.Release|Any CPU.ActiveCfg = Release|Any CPU
		{B45CE4BB-78B7-44D5-AD7E-D660E7F01D65}.Release|Any CPU.Build.0 = Release|Any CPU
		{160BFCBA-F65E-485C-8483-D9DC53A67A17}.Debug|Any CPU.ActiveCfg = Debug|Any CPU
		{160BFCBA-F65E-485C-8483-D9DC53A67A17}.Debug|Any CPU.Build.0 = Debug|Any CPU
		{160BFCBA-F65E-485C-8483-D9DC53A67A17}.Release|Any CPU.ActiveCfg = Release|Any CPU
		{160BFCBA-F65E-485C-8483-D9DC53A67A17}.Release|Any CPU.Build.0 = Release|Any CPU
		{77D0DEC4-8051-4ACB-93CF-93A915BBCADC}.Debug|Any CPU.ActiveCfg = Debug|Any CPU
		{77D0DEC4-8051-4ACB-93CF-93A915BBCADC}.Debug|Any CPU.Build.0 = Debug|Any CPU
		{77D0DEC4-8051-4ACB-93CF-93A915BBCADC}.Release|Any CPU.ActiveCfg = Release|Any CPU
		{77D0DEC4-8051-4ACB-93CF-93A915BBCADC}.Release|Any CPU.Build.0 = Release|Any CPU
		{F7E13958-96F8-4652-90D7-CC98EDDC9F81}.Debug|Any CPU.ActiveCfg = Debug|Any CPU
		{F7E13958-96F8-4652-90D7-CC98EDDC9F81}.Debug|Any CPU.Build.0 = Debug|Any CPU
		{F7E13958-96F8-4652-90D7-CC98EDDC9F81}.Release|Any CPU.ActiveCfg = Release|Any CPU
		{F7E13958-96F8-4652-90D7-CC98EDDC9F81}.Release|Any CPU.Build.0 = Release|Any CPU
		{FFB5353B-5223-40BF-8671-5A852AF7D54B}.Debug|Any CPU.ActiveCfg = Debug|Any CPU
		{FFB5353B-5223-40BF-8671-5A852AF7D54B}.Debug|Any CPU.Build.0 = Debug|Any CPU
		{FFB5353B-5223-40BF-8671-5A852AF7D54B}.Release|Any CPU.ActiveCfg = Release|Any CPU
		{FFB5353B-5223-40BF-8671-5A852AF7D54B}.Release|Any CPU.Build.0 = Release|Any CPU
		{0A64EB89-8742-4101-85D5-5A0D48C61BAF}.Debug|Any CPU.ActiveCfg = Debug|Any CPU
		{0A64EB89-8742-4101-85D5-5A0D48C61BAF}.Debug|Any CPU.Build.0 = Debug|Any CPU
		{0A64EB89-8742-4101-85D5-5A0D48C61BAF}.Release|Any CPU.ActiveCfg = Release|Any CPU
		{0A64EB89-8742-4101-85D5-5A0D48C61BAF}.Release|Any CPU.Build.0 = Release|Any CPU
		{711572C8-EA5C-423C-A781-D4FFD3B60E94}.Debug|Any CPU.ActiveCfg = Debug|Any CPU
		{711572C8-EA5C-423C-A781-D4FFD3B60E94}.Debug|Any CPU.Build.0 = Debug|Any CPU
		{711572C8-EA5C-423C-A781-D4FFD3B60E94}.Release|Any CPU.ActiveCfg = Release|Any CPU
		{711572C8-EA5C-423C-A781-D4FFD3B60E94}.Release|Any CPU.Build.0 = Release|Any CPU
		{B1F9D918-6B70-4DCB-8FC4-1A0A6F486DBB}.Debug|Any CPU.ActiveCfg = Debug|Any CPU
		{B1F9D918-6B70-4DCB-8FC4-1A0A6F486DBB}.Debug|Any CPU.Build.0 = Debug|Any CPU
		{B1F9D918-6B70-4DCB-8FC4-1A0A6F486DBB}.Release|Any CPU.ActiveCfg = Release|Any CPU
		{B1F9D918-6B70-4DCB-8FC4-1A0A6F486DBB}.Release|Any CPU.Build.0 = Release|Any CPU
	EndGlobalSection
	GlobalSection(SolutionProperties) = preSolution
		HideSolutionNode = FALSE
	EndGlobalSection
	GlobalSection(NestedProjects) = preSolution
		{CD44815A-0298-45D1-9F19-BA3795A1BFB6} = {7F86E971-ACB8-4046-AA5F-EF5B91378863}
		{76C3FC69-CFE4-44AD-8EE6-84B871A4F746} = {7F86E971-ACB8-4046-AA5F-EF5B91378863}
		{EFA6F8F5-778D-458F-9EE3-58FE161C9CFD} = {CD44815A-0298-45D1-9F19-BA3795A1BFB6}
		{602D9F4E-E5D2-4F94-8189-DB43869600B2} = {CD44815A-0298-45D1-9F19-BA3795A1BFB6}
		{878B1529-3827-42BC-BE81-AB052ED4653A} = {76C3FC69-CFE4-44AD-8EE6-84B871A4F746}
		{F3DF9FC9-C294-4C9D-BE6C-90AF734C8FC2} = {76C3FC69-CFE4-44AD-8EE6-84B871A4F746}
		{228E7294-C8FE-4780-90F3-4451C55BD3CD} = {7A954E1D-C94E-4F31-AA3C-48D12DFFF8BC}
		{B66A2915-F618-495F-84D0-42D35E8A8BD0} = {7A954E1D-C94E-4F31-AA3C-48D12DFFF8BC}
		{B45CE4BB-78B7-44D5-AD7E-D660E7F01D65} = {228E7294-C8FE-4780-90F3-4451C55BD3CD}
		{160BFCBA-F65E-485C-8483-D9DC53A67A17} = {228E7294-C8FE-4780-90F3-4451C55BD3CD}
		{77D0DEC4-8051-4ACB-93CF-93A915BBCADC} = {B66A2915-F618-495F-84D0-42D35E8A8BD0}
		{F7E13958-96F8-4652-90D7-CC98EDDC9F81} = {B66A2915-F618-495F-84D0-42D35E8A8BD0}
		{FFB5353B-5223-40BF-8671-5A852AF7D54B} = {B66A2915-F618-495F-84D0-42D35E8A8BD0}
		{0A64EB89-8742-4101-85D5-5A0D48C61BAF} = {B66A2915-F618-495F-84D0-42D35E8A8BD0}
		{711572C8-EA5C-423C-A781-D4FFD3B60E94} = {B66A2915-F618-495F-84D0-42D35E8A8BD0}
		{B1F9D918-6B70-4DCB-8FC4-1A0A6F486DBB} = {B66A2915-F618-495F-84D0-42D35E8A8BD0}
	EndGlobalSection
	GlobalSection(ExtensibilityGlobals) = postSolution
		SolutionGuid = {E2603C2B-FD82-4EAD-880E-ABC699834AB6}
	EndGlobalSection
EndGlobal
