
Microsoft Visual Studio Solution File, Format Version 12.00
# Visual Studio 15
VisualStudioVersion = 15.0.26906.1
MinimumVisualStudioVersion = 10.0.40219.1
Project("{FAE04EC0-301F-11D3-BF4B-00C04F79EFBC}") = "Smart.House.Core", "Smart.House.Core\Smart.House.Core.csproj", "{E030D387-02CA-4A63-95B9-AE69B97D27B7}"
EndProject
Project("{9A19103F-16F7-4668-BE54-9A1E7A4F7556}") = "Smart.House.DomainCore", "Smart.House.DomainCore\Smart.House.DomainCore.csproj", "{E51E4701-4954-46FC-B349-C86EF030134E}"
EndProject
Project("{FAE04EC0-301F-11D3-BF4B-00C04F79EFBC}") = "Smart.House.Domain", "Smart.House.Domain\Smart.House.Domain.csproj", "{A9BF7C97-E596-4790-9DCA-668E2E6BC8A7}"
EndProject
Global
	GlobalSection(SolutionConfigurationPlatforms) = preSolution
		Debug|Any CPU = Debug|Any CPU
		Release|Any CPU = Release|Any CPU
	EndGlobalSection
	GlobalSection(ProjectConfigurationPlatforms) = postSolution
		{E030D387-02CA-4A63-95B9-AE69B97D27B7}.Debug|Any CPU.ActiveCfg = Debug|Any CPU
		{E030D387-02CA-4A63-95B9-AE69B97D27B7}.Debug|Any CPU.Build.0 = Debug|Any CPU
		{E030D387-02CA-4A63-95B9-AE69B97D27B7}.Release|Any CPU.ActiveCfg = Release|Any CPU
		{E030D387-02CA-4A63-95B9-AE69B97D27B7}.Release|Any CPU.Build.0 = Release|Any CPU
		{E51E4701-4954-46FC-B349-C86EF030134E}.Debug|Any CPU.ActiveCfg = Debug|Any CPU
		{E51E4701-4954-46FC-B349-C86EF030134E}.Debug|Any CPU.Build.0 = Debug|Any CPU
		{E51E4701-4954-46FC-B349-C86EF030134E}.Release|Any CPU.ActiveCfg = Release|Any CPU
		{E51E4701-4954-46FC-B349-C86EF030134E}.Release|Any CPU.Build.0 = Release|Any CPU
		{A9BF7C97-E596-4790-9DCA-668E2E6BC8A7}.Debug|Any CPU.ActiveCfg = Debug|Any CPU
		{A9BF7C97-E596-4790-9DCA-668E2E6BC8A7}.Debug|Any CPU.Build.0 = Debug|Any CPU
		{A9BF7C97-E596-4790-9DCA-668E2E6BC8A7}.Release|Any CPU.ActiveCfg = Release|Any CPU
		{A9BF7C97-E596-4790-9DCA-668E2E6BC8A7}.Release|Any CPU.Build.0 = Release|Any CPU
	EndGlobalSection
	GlobalSection(SolutionProperties) = preSolution
		HideSolutionNode = FALSE
	EndGlobalSection
	GlobalSection(ExtensibilityGlobals) = postSolution
		SolutionGuid = {AF1E3A58-C25B-431E-8653-7FCE13B5AA93}
	EndGlobalSection
EndGlobal
